{"name":"Energym","lockfileVersion":3,"requires":true,"packages":{"":{"dependencies":{"vant-weapp":"^0.5.29","weui-miniprogram":"^1.5.6"}},"node_modules/vant-weapp":{"version":"0.5.29","resolved":"https://packages.aliyun.com/5f640d496207a1a8b17fcf35/npm/npm-registry/vant-weapp/-/vant-weapp-0.5.29.tgz","integrity":"sha512-RMc0Ga914XFwspw2WuOMU8bOHlIkua8X1DoQ/KPnGQzjwT1uEL4S7W186EmaHF1wN2krB9BVd0LdRRt39dGh6Q==","license":"MIT"},"node_modules/weui-miniprogram":{"version":"1.5.6","resolved":"https://packages.aliyun.com/5f640d496207a1a8b17fcf35/npm/npm-registry/weui-miniprogram/-/weui-miniprogram-1.5.6.tgz","integrity":"sha512-bGRHUdrQkFf6FzNT5UTapAMRdZQF0UP2uKu9ZR4MkPNwO3cWzlrkW8vBLxdS6k02O3VeNFATj/AsBCjHAsMBzA==","license":"MIT"}}}